{
  "name": "@eco-flow/core",
  "version": "1.0.0",
  "lockfileVersion": 3,
  "requires": true,
  "packages": {
    "": {
      "name": "@eco-flow/core",
      "version": "1.0.0",
      "license": "ISC",
      "dependencies": {
        "@eco-flow/config": "file:../config",
        "@eco-flow/core": "file:"
      },
      "devDependencies": {
        "tslib": "^2.6.1",
        "typescript": "^5.1.6"
      }
    },
    "../config": {
      "version": "1.0.0",
      "license": "ISC",
      "dependencies": {
        "@eco-flow/config": "file:"
      },
      "devDependencies": {
        "typescript": "^5.1.6"
      }
    },
    "node_modules/@eco-flow/config": {
      "resolved": "../config",
      "link": true
    },
    "node_modules/@eco-flow/core": {
      "resolved": "",
      "link": true
    },
    "node_modules/tslib": {
      "version": "2.6.1",
      "resolved": "https://registry.npmjs.org/tslib/-/tslib-2.6.1.tgz",
      "integrity": "sha512-t0hLfiEKfMUoqhG+U1oid7Pva4bbDPHYfJNiB7BiIjRkj1pyC++4N3huJfqY6aRH6VTB0rvtzQwjM4K6qpfOig==",
      "dev": true
    },
    "node_modules/typescript": {
      "version": "5.1.6",
      "resolved": "https://registry.npmjs.org/typescript/-/typescript-5.1.6.tgz",
      "integrity": "sha512-zaWCozRZ6DLEWAWFrVDz1H6FVXzUSfTy5FUMWsQlU8Ym5JP9eO4xkTIROFCQvhQf61z6O/G6ugw3SgAnvvm+HA==",
      "dev": true,
      "bin": {
        "tsc": "bin/tsc",
        "tsserver": "bin/tsserver"
      },
      "engines": {
        "node": ">=14.17"
      }
    }
  }
}
